{
  "requires": true,
  "lockfileVersion": 1,
  "dependencies": {
    "verminal": {
      "version": "1.5.1",
      "resolved": "https://registry.npmjs.org/verminal/-/verminal-1.5.1.tgz",
      "integrity": "sha512-z9PzP5zJcIGRwb/Rw4BbFtEBDx2QdJHjScg76bgTcfzjDR4EqTgDmvOz37Wbksd7j8HOiQWn0o/Ir56XInsAxw=="
    }
  }
}
